// !$*UTF8*$!
{
	archiveVersion = 1;
	classes = {
	};
	objectVersion = 55;
	objects = {

/* Begin PBXBuildFile section */
		A7B473A527CD037C001D4053 /* AppDelegate.swift in Sources */ = {isa = PBXBuildFile; fileRef = A7B473A427CD037C001D4053 /* AppDelegate.swift */; };
		A7B473A927CD037C001D4053 /* ViewController.swift in Sources */ = {isa = PBXBuildFile; fileRef = A7B473A827CD037C001D4053 /* ViewController.swift */; };
		A7B473AC27CD037C001D4053 /* Main.storyboard in Resources */ = {isa = PBXBuildFile; fileRef = A7B473AA27CD037C001D4053 /* Main.storyboard */; };
		A7B473AE27CD037F001D4053 /* Assets.xcassets in Resources */ = {isa = PBXBuildFile; fileRef = A7B473AD27CD037F001D4053 /* Assets.xcassets */; };
		A7B473B127CD037F001D4053 /* LaunchScreen.storyboard in Resources */ = {isa = PBXBuildFile; fileRef = A7B473AF27CD037F001D4053 /* LaunchScreen.storyboard */; };
		A7B473C327CD07E6001D4053 /* ScanditBarcodeCapture.xcframework in Frameworks */ = {isa = PBXBuildFile; fileRef = A7B473BB27CD0633001D4053 /* ScanditBarcodeCapture.xcframework */; };
		A7B473C427CD07E6001D4053 /* ScanditBarcodeCapture.xcframework in Embed Frameworks */ = {isa = PBXBuildFile; fileRef = A7B473BB27CD0633001D4053 /* ScanditBarcodeCapture.xcframework */; settings = {ATTRIBUTES = (CodeSignOnCopy, RemoveHeadersOnCopy, ); }; };
		A7B473CA27CD0AB4001D4053 /* ScanditCaptureCore.xcframework in Frameworks */ = {isa = PBXBuildFile; fileRef = A7B473C827CD0AAF001D4053 /* ScanditCaptureCore.xcframework */; };
		A7B473CB27CD0AB4001D4053 /* ScanditCaptureCore.xcframework in Embed Frameworks */ = {isa = PBXBuildFile; fileRef = A7B473C827CD0AAF001D4053 /* ScanditCaptureCore.xcframework */; settings = {ATTRIBUTES = (CodeSignOnCopy, RemoveHeadersOnCopy, ); }; };
/* End PBXBuildFile section */

/* Begin PBXCopyFilesBuildPhase section */
		A7B473C527CD07E6001D4053 /* Embed Frameworks */ = {
			isa = PBXCopyFilesBuildPhase;
			buildActionMask = 2147483647;
			dstPath = "";
			dstSubfolderSpec = 10;
			files = (
				A7B473CB27CD0AB4001D4053 /* ScanditCaptureCore.xcframework in Embed Frameworks */,
				A7B473C427CD07E6001D4053 /* ScanditBarcodeCapture.xcframework in Embed Frameworks */,
			);
			name = "Embed Frameworks";
			runOnlyForDeploymentPostprocessing = 0;
		};
/* End PBXCopyFilesBuildPhase section */

/* Begin PBXFileReference section */
		A7B473A127CD037C001D4053 /* BeepExpire.app */ = {isa = PBXFileReference; explicitFileType = wrapper.application; includeInIndex = 0; path = BeepExpire.app; sourceTree = BUILT_PRODUCTS_DIR; };
		A7B473A427CD037C001D4053 /* AppDelegate.swift */ = {isa = PBXFileReference; lastKnownFileType = sourcecode.swift; path = AppDelegate.swift; sourceTree = "<group>"; };
		A7B473A827CD037C001D4053 /* ViewController.swift */ = {isa = PBXFileReference; lastKnownFileType = sourcecode.swift; path = ViewController.swift; sourceTree = "<group>"; };
		A7B473AB27CD037C001D4053 /* Base */ = {isa = PBXFileReference; lastKnownFileType = file.storyboard; name = Base; path = Base.lproj/Main.storyboard; sourceTree = "<group>"; };
		A7B473AD27CD037F001D4053 /* Assets.xcassets */ = {isa = PBXFileReference; lastKnownFileType = folder.assetcatalog; path = Assets.xcassets; sourceTree = "<group>"; };
		A7B473B027CD037F001D4053 /* Base */ = {isa = PBXFileReference; lastKnownFileType = file.storyboard; name = Base; path = Base.lproj/LaunchScreen.storyboard; sourceTree = "<group>"; };
		A7B473BB27CD0633001D4053 /* ScanditBarcodeCapture.xcframework */ = {isa = PBXFileReference; lastKnownFileType = wrapper.xcframework; path = ScanditBarcodeCapture.xcframework; sourceTree = "<group>"; };
		A7B473C827CD0AAF001D4053 /* ScanditCaptureCore.xcframework */ = {isa = PBXFileReference; lastKnownFileType = wrapper.xcframework; path = ScanditCaptureCore.xcframework; sourceTree = "<group>"; };
		A7B473D427CD0C14001D4053 /* Info.plist */ = {isa = PBXFileReference; fileEncoding = 4; lastKnownFileType = text.plist.xml; path = Info.plist; sourceTree = "<group>"; };
/* End PBXFileReference section */

/* Begin PBXFrameworksBuildPhase section */
		A7B4739E27CD037C001D4053 /* Frameworks */ = {
			isa = PBXFrameworksBuildPhase;
			buildActionMask = 2147483647;
			files = (
				A7B473CA27CD0AB4001D4053 /* ScanditCaptureCore.xcframework in Frameworks */,
				A7B473C327CD07E6001D4053 /* ScanditBarcodeCapture.xcframework in Frameworks */,
			);
			runOnlyForDeploymentPostprocessing = 0;
		};
/* End PBXFrameworksBuildPhase section */

/* Begin PBXGroup section */
		A7B4739827CD037C001D4053 = {
			isa = PBXGroup;
			children = (
				A7B473A327CD037C001D4053 /* BeepExpire */,
				A7B473A227CD037C001D4053 /* Products */,
			);
			sourceTree = "<group>";
		};
		A7B473A227CD037C001D4053 /* Products */ = {
			isa = PBXGroup;
			children = (
				A7B473A127CD037C001D4053 /* BeepExpire.app */,
			);
			name = Products;
			sourceTree = "<group>";
		};
		A7B473A327CD037C001D4053 /* BeepExpire */ = {
			isa = PBXGroup;
			children = (
				A7B473A427CD037C001D4053 /* AppDelegate.swift */,
				A7B473A827CD037C001D4053 /* ViewController.swift */,
				A7B473AA27CD037C001D4053 /* Main.storyboard */,
				A7B473AD27CD037F001D4053 /* Assets.xcassets */,
				A7B473AF27CD037F001D4053 /* LaunchScreen.storyboard */,
				A7B473D427CD0C14001D4053 /* Info.plist */,
				A7B473BA27CD0616001D4053 /* Frameworks */,
			);
			path = BeepExpire;
			sourceTree = "<group>";
		};
		A7B473BA27CD0616001D4053 /* Frameworks */ = {
			isa = PBXGroup;
			children = (
				A7B473C827CD0AAF001D4053 /* ScanditCaptureCore.xcframework */,
				A7B473BB27CD0633001D4053 /* ScanditBarcodeCapture.xcframework */,
			);
			path = Frameworks;
			sourceTree = "<group>";
		};
/* End PBXGroup section */

/* Begin PBXNativeTarget section */
		A7B473A027CD037C001D4053 /* BeepExpire */ = {
			isa = PBXNativeTarget;
			buildConfigurationList = A7B473B527CD037F001D4053 /* Build configuration list for PBXNativeTarget "BeepExpire" */;
			buildPhases = (
				A7B4739D27CD037C001D4053 /* Sources */,
				A7B4739E27CD037C001D4053 /* Frameworks */,
				A7B4739F27CD037C001D4053 /* Resources */,
				A7B473C527CD07E6001D4053 /* Embed Frameworks */,
			);
			buildRules = (
			);
			dependencies = (
			);
			name = BeepExpire;
			productName = BeepExpire;
			productReference = A7B473A127CD037C001D4053 /* BeepExpire.app */;
			productType = "com.apple.product-type.application";
		};
/* End PBXNativeTarget section */

/* Begin PBXProject section */
		A7B4739927CD037C001D4053 /* Project object */ = {
			isa = PBXProject;
			attributes = {
				BuildIndependentTargetsInParallel = NO;
				LastSwiftUpdateCheck = 1320;
				LastUpgradeCheck = 1320;
				TargetAttributes = {
					A7B473A027CD037C001D4053 = {
						CreatedOnToolsVersion = 13.2.1;
					};
				};
			};
			buildConfigurationList = A7B4739C27CD037C001D4053 /* Build configuration list for PBXProject "BeepExpire" */;
			compatibilityVersion = "Xcode 13.0";
			developmentRegion = en;
			hasScannedForEncodings = 0;
			knownRegions = (
				en,
				Base,
			);
			mainGroup = A7B4739827CD037C001D4053;
			productRefGroup = A7B473A227CD037C001D4053 /* Products */;
			projectDirPath = "";
			projectRoot = "";
			targets = (
				A7B473A027CD037C001D4053 /* BeepExpire */,
			);
		};
/* End PBXProject section */

/* Begin PBXResourcesBuildPhase section */
		A7B4739F27CD037C001D4053 /* Resources */ = {
			isa = PBXResourcesBuildPhase;
			buildActionMask = 2147483647;
			files = (
				A7B473B127CD037F001D4053 /* LaunchScreen.storyboard in Resources */,
				A7B473AE27CD037F001D4053 /* Assets.xcassets in Resources */,
				A7B473AC27CD037C001D4053 /* Main.storyboard in Resources */,
			);
			runOnlyForDeploymentPostprocessing = 0;
		};
/* End PBXResourcesBuildPhase section */

/* Begin PBXSourcesBuildPhase section */
		A7B4739D27CD037C001D4053 /* Sources */ = {
			isa = PBXSourcesBuildPhase;
			buildActionMask = 2147483647;
			files = (
				A7B473A927CD037C001D4053 /* ViewController.swift in Sources */,
				A7B473A527CD037C001D4053 /* AppDelegate.swift in Sources */,
			);
			runOnlyForDeploymentPostprocessing = 0;
		};
/* End PBXSourcesBuildPhase section */

/* Begin PBXVariantGroup section */
		A7B473AA27CD037C001D4053 /* Main.storyboard */ = {
			isa = PBXVariantGroup;
			children = (
				A7B473AB27CD037C001D4053 /* Base */,
			);
			name = Main.storyboard;
			sourceTree = "<group>";
		};
		A7B473AF27CD037F001D4053 /* LaunchScreen.storyboard */ = {
			isa = PBXVariantGroup;
			children = (
				A7B473B027CD037F001D4053 /* Base */,
			);
			name = LaunchScreen.storyboard;
			sourceTree = "<group>";
		};
/* End PBXVariantGroup section */

/* Begin XCBuildConfiguration section */
		A7B473B327CD037F001D4053 /* Debug */ = {
			isa = XCBuildConfiguration;
			buildSettings = {
				ALWAYS_SEARCH_USER_PATHS = NO;
				CLANG_ANALYZER_NONNULL = YES;
				CLANG_ANALYZER_NUMBER_OBJECT_CONVERSION = YES_AGGRESSIVE;
				CLANG_CXX_LANGUAGE_STANDARD = "gnu++17";
				CLANG_CXX_LIBRARY = "libc++";
				CLANG_ENABLE_MODULES = YES;
				CLANG_ENABLE_OBJC_ARC = YES;
				CLANG_ENABLE_OBJC_WEAK = YES;
				CLANG_WARN_BLOCK_CAPTURE_AUTORELEASING = YES;
				CLANG_WARN_BOOL_CONVERSION = YES;
				CLANG_WARN_COMMA = YES;
				CLANG_WARN_CONSTANT_CONVERSION = YES;
				CLANG_WARN_DEPRECATED_OBJC_IMPLEMENTATIONS = YES;
				CLANG_WARN_DIRECT_OBJC_ISA_USAGE = YES_ERROR;
				CLANG_WARN_DOCUMENTATION_COMMENTS = YES;
				CLANG_WARN_EMPTY_BODY = YES;
				CLANG_WARN_ENUM_CONVERSION = YES;
				CLANG_WARN_INFINITE_RECURSION = YES;
				CLANG_WARN_INT_CONVERSION = YES;
				CLANG_WARN_NON_LITERAL_NULL_CONVERSION = YES;
				CLANG_WARN_OBJC_IMPLICIT_RETAIN_SELF = YES;
				CLANG_WARN_OBJC_LITERAL_CONVERSION = YES;
				CLANG_WARN_OBJC_ROOT_CLASS = YES_ERROR;
				CLANG_WARN_QUOTED_INCLUDE_IN_FRAMEWORK_HEADER = YES;
				CLANG_WARN_RANGE_LOOP_ANALYSIS = YES;
				CLANG_WARN_STRICT_PROTOTYPES = YES;
				CLANG_WARN_SUSPICIOUS_MOVE = YES;
				CLANG_WARN_UNGUARDED_AVAILABILITY = YES_AGGRESSIVE;
				CLANG_WARN_UNREACHABLE_CODE = YES;
				CLANG_WARN__DUPLICATE_METHOD_MATCH = YES;
				COPY_PHASE_STRIP = NO;
				DEBUG_INFORMATION_FORMAT = dwarf;
				ENABLE_STRICT_OBJC_MSGSEND = YES;
				ENABLE_TESTABILITY = YES;
				GCC_C_LANGUAGE_STANDARD = gnu11;
				GCC_DYNAMIC_NO_PIC = NO;
				GCC_NO_COMMON_BLOCKS = YES;
				GCC_OPTIMIZATION_LEVEL = 0;
				GCC_PREPROCESSOR_DEFINITIONS = (
					"DEBUG=1",
					"$(inherited)",
				);
				GCC_WARN_64_TO_32_BIT_CONVERSION = YES;
				GCC_WARN_ABOUT_RETURN_TYPE = YES_ERROR;
				GCC_WARN_UNDECLARED_SELECTOR = YES;
				GCC_WARN_UNINITIALIZED_AUTOS = YES_AGGRESSIVE;
				GCC_WARN_UNUSED_FUNCTION = YES;
				GCC_WARN_UNUSED_VARIABLE = YES;
				IPHONEOS_DEPLOYMENT_TARGET = 12.1;
				MTL_ENABLE_DEBUG_INFO = INCLUDE_SOURCE;
				MTL_FAST_MATH = YES;
				ONLY_ACTIVE_ARCH = YES;
				SDKROOT = iphoneos;
				SWIFT_ACTIVE_COMPILATION_CONDITIONS = DEBUG;
				SWIFT_OPTIMIZATION_LEVEL = "-Onone";
			};
			name = Debug;
		};
		A7B473B427CD037F001D4053 /* Release */ = {
			isa = XCBuildConfiguration;
			buildSettings = {
				ALWAYS_SEARCH_USER_PATHS = NO;
				CLANG_ANALYZER_NONNULL = YES;
				CLANG_ANALYZER_NUMBER_OBJECT_CONVERSION = YES_AGGRESSIVE;
				CLANG_CXX_LANGUAGE_STANDARD = "gnu++17";
				CLANG_CXX_LIBRARY = "libc++";
				CLANG_ENABLE_MODULES = YES;
				CLANG_ENABLE_OBJC_ARC = YES;
				CLANG_ENABLE_OBJC_WEAK = YES;
				CLANG_WARN_BLOCK_CAPTURE_AUTORELEASING = YES;
				CLANG_WARN_BOOL_CONVERSION = YES;
				CLANG_WARN_COMMA = YES;
				CLANG_WARN_CONSTANT_CONVERSION = YES;
				CLANG_WARN_DEPRECATED_OBJC_IMPLEMENTATIONS = YES;
				CLANG_WARN_DIRECT_OBJC_ISA_USAGE = YES_ERROR;
				CLANG_WARN_DOCUMENTATION_COMMENTS = YES;
				CLANG_WARN_EMPTY_BODY = YES;
				CLANG_WARN_ENUM_CONVERSION = YES;
				CLANG_WARN_INFINITE_RECURSION = YES;
				CLANG_WARN_INT_CONVERSION = YES;
				CLANG_WARN_NON_LITERAL_NULL_CONVERSION = YES;
				CLANG_WARN_OBJC_IMPLICIT_RETAIN_SELF = YES;
				CLANG_WARN_OBJC_LITERAL_CONVERSION = YES;
				CLANG_WARN_OBJC_ROOT_CLASS = YES_ERROR;
				CLANG_WARN_QUOTED_INCLUDE_IN_FRAMEWORK_HEADER = YES;
				CLANG_WARN_RANGE_LOOP_ANALYSIS = YES;
				CLANG_WARN_STRICT_PROTOTYPES = YES;
				CLANG_WARN_SUSPICIOUS_MOVE = YES;
				CLANG_WARN_UNGUARDED_AVAILABILITY = YES_AGGRESSIVE;
				CLANG_WARN_UNREACHABLE_CODE = YES;
				CLANG_WARN__DUPLICATE_METHOD_MATCH = YES;
				COPY_PHASE_STRIP = NO;
				DEBUG_INFORMATION_FORMAT = "dwarf-with-dsym";
				ENABLE_NS_ASSERTIONS = NO;
				ENABLE_STRICT_OBJC_MSGSEND = YES;
				GCC_C_LANGUAGE_STANDARD = gnu11;
				GCC_NO_COMMON_BLOCKS = YES;
				GCC_WARN_64_TO_32_BIT_CONVERSION = YES;
				GCC_WARN_ABOUT_RETURN_TYPE = YES_ERROR;
				GCC_WARN_UNDECLARED_SELECTOR = YES;
				GCC_WARN_UNINITIALIZED_AUTOS = YES_AGGRESSIVE;
				GCC_WARN_UNUSED_FUNCTION = YES;
				GCC_WARN_UNUSED_VARIABLE = YES;
				IPHONEOS_DEPLOYMENT_TARGET = 12.1;
				MTL_ENABLE_DEBUG_INFO = NO;
				MTL_FAST_MATH = YES;
				SDKROOT = iphoneos;
				SWIFT_COMPILATION_MODE = wholemodule;
				SWIFT_OPTIMIZATION_LEVEL = "-O";
				VALIDATE_PRODUCT = YES;
			};
			name = Release;
		};
		A7B473B627CD037F001D4053 /* Debug */ = {
			isa = XCBuildConfiguration;
			buildSettings = {
				ASSETCATALOG_COMPILER_APPICON_NAME = AppIcon;
				ASSETCATALOG_COMPILER_GLOBAL_ACCENT_COLOR_NAME = AccentColor;
				CODE_SIGN_STYLE = Automatic;
				CURRENT_PROJECT_VERSION = 1;
				DEVELOPMENT_TEAM = LVYQHZ45CB;
				FRAMEWORK_SEARCH_PATHS = (
					"$(inherited)",
					"$(PROJECT_DIR)/BeepExpire",
					"$(PROJECT_DIR)/BeepExpire/Frameworks",
				);
				GENERATE_INFOPLIST_FILE = YES;
				INFOPLIST_FILE = BeepExpire/Info.plist;
				INFOPLIST_KEY_CFBundleDisplayName = BeepExpire;
				INFOPLIST_KEY_NSCameraUsageDescription = "Access to the camera is required for scanning.";
				INFOPLIST_KEY_UIApplicationSupportsIndirectInputEvents = YES;
				INFOPLIST_KEY_UILaunchStoryboardName = LaunchScreen;
				INFOPLIST_KEY_UIMainStoryboardFile = Main;
				INFOPLIST_KEY_UIRequiredDeviceCapabilities = armv7;
				INFOPLIST_KEY_UISupportedInterfaceOrientations = "UIInterfaceOrientationPortrait UIInterfaceOrientationLandscapeLeft UIInterfaceOrientationLandscapeRight";
				INFOPLIST_KEY_UISupportedInterfaceOrientations_iPad = "UIInterfaceOrientationPortrait UIInterfaceOrientationPortraitUpsideDown UIInterfaceOrientationLandscapeLeft UIInterfaceOrientationLandscapeRight";
				INFOPLIST_KEY_UISupportedInterfaceOrientations_iPhone = "UIInterfaceOrientationPortrait UIInterfaceOrientationLandscapeLeft UIInterfaceOrientationLandscapeRight";
				IPHONEOS_DEPLOYMENT_TARGET = 11.0;
				LD_RUNPATH_SEARCH_PATHS = (
					"$(inherited)",
					"@executable_path/Frameworks",
				);
				MARKETING_VERSION = 1.0;
				PRODUCT_BUNDLE_IDENTIFIER = com.luciococorullo.BeepExpire;
				PRODUCT_NAME = "$(TARGET_NAME)";
				SWIFT_EMIT_LOC_STRINGS = YES;
				SWIFT_VERSION = 5.0;
				TARGETED_DEVICE_FAMILY = "1,2";
			};
			name = Debug;
		};
		A7B473B727CD037F001D4053 /* Release */ = {
			isa = XCBuildConfiguration;
			buildSettings = {
				ASSETCATALOG_COMPILER_APPICON_NAME = AppIcon;
				ASSETCATALOG_COMPILER_GLOBAL_ACCENT_COLOR_NAME = AccentColor;
				CODE_SIGN_STYLE = Automatic;
				CURRENT_PROJECT_VERSION = 1;
				DEVELOPMENT_TEAM = LVYQHZ45CB;
				FRAMEWORK_SEARCH_PATHS = (
					"$(inherited)",
					"$(PROJECT_DIR)/BeepExpire",
					"$(PROJECT_DIR)/BeepExpire/Frameworks",
				);
				GENERATE_INFOPLIST_FILE = YES;
				INFOPLIST_FILE = BeepExpire/Info.plist;
				INFOPLIST_KEY_CFBundleDisplayName = BeepExpire;
				INFOPLIST_KEY_NSCameraUsageDescription = "Access to the camera is required for scanning.";
				INFOPLIST_KEY_UIApplicationSupportsIndirectInputEvents = YES;
				INFOPLIST_KEY_UILaunchStoryboardName = LaunchScreen;
				INFOPLIST_KEY_UIMainStoryboardFile = Main;
				INFOPLIST_KEY_UIRequiredDeviceCapabilities = armv7;
				INFOPLIST_KEY_UISupportedInterfaceOrientations = "UIInterfaceOrientationPortrait UIInterfaceOrientationLandscapeLeft UIInterfaceOrientationLandscapeRight";
				INFOPLIST_KEY_UISupportedInterfaceOrientations_iPad = "UIInterfaceOrientationPortrait UIInterfaceOrientationPortraitUpsideDown UIInterfaceOrientationLandscapeLeft UIInterfaceOrientationLandscapeRight";
				INFOPLIST_KEY_UISupportedInterfaceOrientations_iPhone = "UIInterfaceOrientationPortrait UIInterfaceOrientationLandscapeLeft UIInterfaceOrientationLandscapeRight";
				IPHONEOS_DEPLOYMENT_TARGET = 11.0;
				LD_RUNPATH_SEARCH_PATHS = (
					"$(inherited)",
					"@executable_path/Frameworks",
				);
				MARKETING_VERSION = 1.0;
				PRODUCT_BUNDLE_IDENTIFIER = com.luciococorullo.BeepExpire;
				PRODUCT_NAME = "$(TARGET_NAME)";
				SWIFT_EMIT_LOC_STRINGS = YES;
				SWIFT_VERSION = 5.0;
				TARGETED_DEVICE_FAMILY = "1,2";
			};
			name = Release;
		};
/* End XCBuildConfiguration section */

/* Begin XCConfigurationList section */
		A7B4739C27CD037C001D4053 /* Build configuration list for PBXProject "BeepExpire" */ = {
			isa = XCConfigurationList;
			buildConfigurations = (
				A7B473B327CD037F001D4053 /* Debug */,
				A7B473B427CD037F001D4053 /* Release */,
			);
			defaultConfigurationIsVisible = 0;
			defaultConfigurationName = Release;
		};
		A7B473B527CD037F001D4053 /* Build configuration list for PBXNativeTarget "BeepExpire" */ = {
			isa = XCConfigurationList;
			buildConfigurations = (
				A7B473B627CD037F001D4053 /* Debug */,
				A7B473B727CD037F001D4053 /* Release */,
			);
			defaultConfigurationIsVisible = 0;
			defaultConfigurationName = Release;
		};
/* End XCConfigurationList section */
	};
	rootObject = A7B4739927CD037C001D4053 /* Project object */;
}
